
Microsoft Visual Studio Solution File, Format Version 12.00
Project("{FAE04EC0-301F-11D3-BF4B-00C04F79EFBC}") = "Snake", "Snake\Snake.csproj", "{B386DE9A-20D1-4473-9E9E-4E298B3E9B5C}"
EndProject
Global
	GlobalSection(SolutionConfigurationPlatforms) = preSolution
		Debug|Any CPU = Debug|Any CPU
		Release|Any CPU = Release|Any CPU
	EndGlobalSection
	GlobalSection(ProjectConfigurationPlatforms) = postSolution
		{B386DE9A-20D1-4473-9E9E-4E298B3E9B5C}.Debug|Any CPU.ActiveCfg = Debug|Any CPU
		{B386DE9A-20D1-4473-9E9E-4E298B3E9B5C}.Debug|Any CPU.Build.0 = Debug|Any CPU
		{B386DE9A-20D1-4473-9E9E-4E298B3E9B5C}.Release|Any CPU.ActiveCfg = Release|Any CPU
		{B386DE9A-20D1-4473-9E9E-4E298B3E9B5C}.Release|Any CPU.Build.0 = Release|Any CPU
	EndGlobalSection
EndGlobal
